{
	"name": "pyironFlow",
	"lockfileVersion": 3,
	"requires": true,
	"packages": {
		"": {
			"dependencies": {
				"@anywidget/react": "^0.0.7",
				"@xyflow/react": "^12.3.5",
				"elkjs": "^0.9.3",
				"react": "^18.3.1",
				"react-dom": "^18.3.1"
			},
			"devDependencies": {
				"esbuild": "^0.23.0"
			}
		},
		"node_modules/@anywidget/react": {
			"version": "0.0.7",
			"resolved": "https://registry.npmjs.org/@anywidget/react/-/react-0.0.7.tgz",
			"integrity": "sha512-wCHzRqL1G/FJy813xOhgIZ+r1UqzEFVUSQID+6X+8voigUHlD4VtnThw9v9pOAs0qXyFATvrMtG+igOTjqUNpg==",
			"dependencies": {
				"@anywidget/types": "^0.1.9"
			},
			"peerDependencies": {
				"@types/react": "^18.0.0",
				"@types/react-dom": "^18.0.0",
				"react": "^18.0.0",
				"react-dom": "^18.0.0"
			}
		},
		"node_modules/@anywidget/types": {
			"version": "0.1.9",
			"resolved": "https://registry.npmjs.org/@anywidget/types/-/types-0.1.9.tgz",
			"integrity": "sha512-RvPp2qEDJGdNBpA6KGEEorLBmX7HkVUR+UTWFsc8fUkhsTVEoicDPTxYdLEdt9Wt0XUvLh0QhVOheICDJpyUnA==",
			"dependencies": {
				"@jupyter-widgets/base": "^6.0.7"
			}
		},
		"node_modules/@esbuild/aix-ppc64": {
			"version": "0.23.1",
			"resolved": "https://registry.npmjs.org/@esbuild/aix-ppc64/-/aix-ppc64-0.23.1.tgz",
			"integrity": "sha512-6VhYk1diRqrhBAqpJEdjASR/+WVRtfjpqKuNw11cLiaWpAT/Uu+nokB+UJnevzy/P9C/ty6AOe0dwueMrGh/iQ==",
			"cpu": [
				"ppc64"
			],
			"dev": true,
			"license": "MIT",
			"optional": true,
			"os": [
				"aix"
			],
			"engines": {
				"node": ">=18"
			}
		},
		"node_modules/@esbuild/android-arm": {
			"version": "0.23.1",
			"resolved": "https://registry.npmjs.org/@esbuild/android-arm/-/android-arm-0.23.1.tgz",
			"integrity": "sha512-uz6/tEy2IFm9RYOyvKl88zdzZfwEfKZmnX9Cj1BHjeSGNuGLuMD1kR8y5bteYmwqKm1tj8m4cb/aKEorr6fHWQ==",
			"cpu": [
				"arm"
			],
			"dev": true,
			"license": "MIT",
			"optional": true,
			"os": [
				"android"
			],
			"engines": {
				"node": ">=18"
			}
		},
		"node_modules/@esbuild/android-arm64": {
			"version": "0.23.1",
			"resolved": "https://registry.npmjs.org/@esbuild/android-arm64/-/android-arm64-0.23.1.tgz",
			"integrity": "sha512-xw50ipykXcLstLeWH7WRdQuysJqejuAGPd30vd1i5zSyKK3WE+ijzHmLKxdiCMtH1pHz78rOg0BKSYOSB/2Khw==",
			"cpu": [
				"arm64"
			],
			"dev": true,
			"license": "MIT",
			"optional": true,
			"os": [
				"android"
			],
			"engines": {
				"node": ">=18"
			}
		},
		"node_modules/@esbuild/android-x64": {
			"version": "0.23.1",
			"resolved": "https://registry.npmjs.org/@esbuild/android-x64/-/android-x64-0.23.1.tgz",
			"integrity": "sha512-nlN9B69St9BwUoB+jkyU090bru8L0NA3yFvAd7k8dNsVH8bi9a8cUAUSEcEEgTp2z3dbEDGJGfP6VUnkQnlReg==",
			"cpu": [
				"x64"
			],
			"dev": true,
			"license": "MIT",
			"optional": true,
			"os": [
				"android"
			],
			"engines": {
				"node": ">=18"
			}
		},
		"node_modules/@esbuild/darwin-arm64": {
			"version": "0.23.1",
			"resolved": "https://registry.npmjs.org/@esbuild/darwin-arm64/-/darwin-arm64-0.23.1.tgz",
			"integrity": "sha512-YsS2e3Wtgnw7Wq53XXBLcV6JhRsEq8hkfg91ESVadIrzr9wO6jJDMZnCQbHm1Guc5t/CdDiFSSfWP58FNuvT3Q==",
			"cpu": [
				"arm64"
			],
			"dev": true,
			"license": "MIT",
			"optional": true,
			"os": [
				"darwin"
			],
			"engines": {
				"node": ">=18"
			}
		},
		"node_modules/@esbuild/darwin-x64": {
			"version": "0.23.1",
			"resolved": "https://registry.npmjs.org/@esbuild/darwin-x64/-/darwin-x64-0.23.1.tgz",
			"integrity": "sha512-aClqdgTDVPSEGgoCS8QDG37Gu8yc9lTHNAQlsztQ6ENetKEO//b8y31MMu2ZaPbn4kVsIABzVLXYLhCGekGDqw==",
			"cpu": [
				"x64"
			],
			"dev": true,
			"license": "MIT",
			"optional": true,
			"os": [
				"darwin"
			],
			"engines": {
				"node": ">=18"
			}
		},
		"node_modules/@esbuild/freebsd-arm64": {
			"version": "0.23.1",
			"resolved": "https://registry.npmjs.org/@esbuild/freebsd-arm64/-/freebsd-arm64-0.23.1.tgz",
			"integrity": "sha512-h1k6yS8/pN/NHlMl5+v4XPfikhJulk4G+tKGFIOwURBSFzE8bixw1ebjluLOjfwtLqY0kewfjLSrO6tN2MgIhA==",
			"cpu": [
				"arm64"
			],
			"dev": true,
			"license": "MIT",
			"optional": true,
			"os": [
				"freebsd"
			],
			"engines": {
				"node": ">=18"
			}
		},
		"node_modules/@esbuild/freebsd-x64": {
			"version": "0.23.1",
			"resolved": "https://registry.npmjs.org/@esbuild/freebsd-x64/-/freebsd-x64-0.23.1.tgz",
			"integrity": "sha512-lK1eJeyk1ZX8UklqFd/3A60UuZ/6UVfGT2LuGo3Wp4/z7eRTRYY+0xOu2kpClP+vMTi9wKOfXi2vjUpO1Ro76g==",
			"cpu": [
				"x64"
			],
			"dev": true,
			"license": "MIT",
			"optional": true,
			"os": [
				"freebsd"
			],
			"engines": {
				"node": ">=18"
			}
		},
		"node_modules/@esbuild/linux-arm": {
			"version": "0.23.1",
			"resolved": "https://registry.npmjs.org/@esbuild/linux-arm/-/linux-arm-0.23.1.tgz",
			"integrity": "sha512-CXXkzgn+dXAPs3WBwE+Kvnrf4WECwBdfjfeYHpMeVxWE0EceB6vhWGShs6wi0IYEqMSIzdOF1XjQ/Mkm5d7ZdQ==",
			"cpu": [
				"arm"
			],
			"dev": true,
			"license": "MIT",
			"optional": true,
			"os": [
				"linux"
			],
			"engines": {
				"node": ">=18"
			}
		},
		"node_modules/@esbuild/linux-arm64": {
			"version": "0.23.1",
			"resolved": "https://registry.npmjs.org/@esbuild/linux-arm64/-/linux-arm64-0.23.1.tgz",
			"integrity": "sha512-/93bf2yxencYDnItMYV/v116zff6UyTjo4EtEQjUBeGiVpMmffDNUyD9UN2zV+V3LRV3/on4xdZ26NKzn6754g==",
			"cpu": [
				"arm64"
			],
			"dev": true,
			"license": "MIT",
			"optional": true,
			"os": [
				"linux"
			],
			"engines": {
				"node": ">=18"
			}
		},
		"node_modules/@esbuild/linux-ia32": {
			"version": "0.23.1",
			"resolved": "https://registry.npmjs.org/@esbuild/linux-ia32/-/linux-ia32-0.23.1.tgz",
			"integrity": "sha512-VTN4EuOHwXEkXzX5nTvVY4s7E/Krz7COC8xkftbbKRYAl96vPiUssGkeMELQMOnLOJ8k3BY1+ZY52tttZnHcXQ==",
			"cpu": [
				"ia32"
			],
			"dev": true,
			"license": "MIT",
			"optional": true,
			"os": [
				"linux"
			],
			"engines": {
				"node": ">=18"
			}
		},
		"node_modules/@esbuild/linux-loong64": {
			"version": "0.23.1",
			"resolved": "https://registry.npmjs.org/@esbuild/linux-loong64/-/linux-loong64-0.23.1.tgz",
			"integrity": "sha512-Vx09LzEoBa5zDnieH8LSMRToj7ir/Jeq0Gu6qJ/1GcBq9GkfoEAoXvLiW1U9J1qE/Y/Oyaq33w5p2ZWrNNHNEw==",
			"cpu": [
				"loong64"
			],
			"dev": true,
			"license": "MIT",
			"optional": true,
			"os": [
				"linux"
			],
			"engines": {
				"node": ">=18"
			}
		},
		"node_modules/@esbuild/linux-mips64el": {
			"version": "0.23.1",
			"resolved": "https://registry.npmjs.org/@esbuild/linux-mips64el/-/linux-mips64el-0.23.1.tgz",
			"integrity": "sha512-nrFzzMQ7W4WRLNUOU5dlWAqa6yVeI0P78WKGUo7lg2HShq/yx+UYkeNSE0SSfSure0SqgnsxPvmAUu/vu0E+3Q==",
			"cpu": [
				"mips64el"
			],
			"dev": true,
			"license": "MIT",
			"optional": true,
			"os": [
				"linux"
			],
			"engines": {
				"node": ">=18"
			}
		},
		"node_modules/@esbuild/linux-ppc64": {
			"version": "0.23.1",
			"resolved": "https://registry.npmjs.org/@esbuild/linux-ppc64/-/linux-ppc64-0.23.1.tgz",
			"integrity": "sha512-dKN8fgVqd0vUIjxuJI6P/9SSSe/mB9rvA98CSH2sJnlZ/OCZWO1DJvxj8jvKTfYUdGfcq2dDxoKaC6bHuTlgcw==",
			"cpu": [
				"ppc64"
			],
			"dev": true,
			"license": "MIT",
			"optional": true,
			"os": [
				"linux"
			],
			"engines": {
				"node": ">=18"
			}
		},
		"node_modules/@esbuild/linux-riscv64": {
			"version": "0.23.1",
			"resolved": "https://registry.npmjs.org/@esbuild/linux-riscv64/-/linux-riscv64-0.23.1.tgz",
			"integrity": "sha512-5AV4Pzp80fhHL83JM6LoA6pTQVWgB1HovMBsLQ9OZWLDqVY8MVobBXNSmAJi//Csh6tcY7e7Lny2Hg1tElMjIA==",
			"cpu": [
				"riscv64"
			],
			"dev": true,
			"license": "MIT",
			"optional": true,
			"os": [
				"linux"
			],
			"engines": {
				"node": ">=18"
			}
		},
		"node_modules/@esbuild/linux-s390x": {
			"version": "0.23.1",
			"resolved": "https://registry.npmjs.org/@esbuild/linux-s390x/-/linux-s390x-0.23.1.tgz",
			"integrity": "sha512-9ygs73tuFCe6f6m/Tb+9LtYxWR4c9yg7zjt2cYkjDbDpV/xVn+68cQxMXCjUpYwEkze2RcU/rMnfIXNRFmSoDw==",
			"cpu": [
				"s390x"
			],
			"dev": true,
			"license": "MIT",
			"optional": true,
			"os": [
				"linux"
			],
			"engines": {
				"node": ">=18"
			}
		},
		"node_modules/@esbuild/linux-x64": {
			"version": "0.23.1",
			"resolved": "https://registry.npmjs.org/@esbuild/linux-x64/-/linux-x64-0.23.1.tgz",
			"integrity": "sha512-EV6+ovTsEXCPAp58g2dD68LxoP/wK5pRvgy0J/HxPGB009omFPv3Yet0HiaqvrIrgPTBuC6wCH1LTOY91EO5hQ==",
			"cpu": [
				"x64"
			],
			"dev": true,
			"license": "MIT",
			"optional": true,
			"os": [
				"linux"
			],
			"engines": {
				"node": ">=18"
			}
		},
		"node_modules/@esbuild/netbsd-x64": {
			"version": "0.23.1",
			"resolved": "https://registry.npmjs.org/@esbuild/netbsd-x64/-/netbsd-x64-0.23.1.tgz",
			"integrity": "sha512-aevEkCNu7KlPRpYLjwmdcuNz6bDFiE7Z8XC4CPqExjTvrHugh28QzUXVOZtiYghciKUacNktqxdpymplil1beA==",
			"cpu": [
				"x64"
			],
			"dev": true,
			"license": "MIT",
			"optional": true,
			"os": [
				"netbsd"
			],
			"engines": {
				"node": ">=18"
			}
		},
		"node_modules/@esbuild/openbsd-arm64": {
			"version": "0.23.1",
			"resolved": "https://registry.npmjs.org/@esbuild/openbsd-arm64/-/openbsd-arm64-0.23.1.tgz",
			"integrity": "sha512-3x37szhLexNA4bXhLrCC/LImN/YtWis6WXr1VESlfVtVeoFJBRINPJ3f0a/6LV8zpikqoUg4hyXw0sFBt5Cr+Q==",
			"cpu": [
				"arm64"
			],
			"dev": true,
			"license": "MIT",
			"optional": true,
			"os": [
				"openbsd"
			],
			"engines": {
				"node": ">=18"
			}
		},
		"node_modules/@esbuild/openbsd-x64": {
			"version": "0.23.1",
			"resolved": "https://registry.npmjs.org/@esbuild/openbsd-x64/-/openbsd-x64-0.23.1.tgz",
			"integrity": "sha512-aY2gMmKmPhxfU+0EdnN+XNtGbjfQgwZj43k8G3fyrDM/UdZww6xrWxmDkuz2eCZchqVeABjV5BpildOrUbBTqA==",
			"cpu": [
				"x64"
			],
			"dev": true,
			"license": "MIT",
			"optional": true,
			"os": [
				"openbsd"
			],
			"engines": {
				"node": ">=18"
			}
		},
		"node_modules/@esbuild/sunos-x64": {
			"version": "0.23.1",
			"resolved": "https://registry.npmjs.org/@esbuild/sunos-x64/-/sunos-x64-0.23.1.tgz",
			"integrity": "sha512-RBRT2gqEl0IKQABT4XTj78tpk9v7ehp+mazn2HbUeZl1YMdaGAQqhapjGTCe7uw7y0frDi4gS0uHzhvpFuI1sA==",
			"cpu": [
				"x64"
			],
			"dev": true,
			"license": "MIT",
			"optional": true,
			"os": [
				"sunos"
			],
			"engines": {
				"node": ">=18"
			}
		},
		"node_modules/@esbuild/win32-arm64": {
			"version": "0.23.1",
			"resolved": "https://registry.npmjs.org/@esbuild/win32-arm64/-/win32-arm64-0.23.1.tgz",
			"integrity": "sha512-4O+gPR5rEBe2FpKOVyiJ7wNDPA8nGzDuJ6gN4okSA1gEOYZ67N8JPk58tkWtdtPeLz7lBnY6I5L3jdsr3S+A6A==",
			"cpu": [
				"arm64"
			],
			"dev": true,
			"license": "MIT",
			"optional": true,
			"os": [
				"win32"
			],
			"engines": {
				"node": ">=18"
			}
		},
		"node_modules/@esbuild/win32-ia32": {
			"version": "0.23.1",
			"resolved": "https://registry.npmjs.org/@esbuild/win32-ia32/-/win32-ia32-0.23.1.tgz",
			"integrity": "sha512-BcaL0Vn6QwCwre3Y717nVHZbAa4UBEigzFm6VdsVdT/MbZ38xoj1X9HPkZhbmaBGUD1W8vxAfffbDe8bA6AKnQ==",
			"cpu": [
				"ia32"
			],
			"dev": true,
			"license": "MIT",
			"optional": true,
			"os": [
				"win32"
			],
			"engines": {
				"node": ">=18"
			}
		},
		"node_modules/@esbuild/win32-x64": {
			"version": "0.23.1",
			"resolved": "https://registry.npmjs.org/@esbuild/win32-x64/-/win32-x64-0.23.1.tgz",
			"integrity": "sha512-BHpFFeslkWrXWyUPnbKm+xYYVYruCinGcftSBaa8zoF9hZO4BcSCFUvHVTtzpIY6YzUnYtuEhZ+C9iEXjxnasg==",
			"cpu": [
				"x64"
			],
			"dev": true,
			"license": "MIT",
			"optional": true,
			"os": [
				"win32"
			],
			"engines": {
				"node": ">=18"
			}
		},
		"node_modules/@jupyter-widgets/base": {
			"version": "6.0.12",
			"resolved": "https://registry.npmjs.org/@jupyter-widgets/base/-/base-6.0.12.tgz",
			"integrity": "sha512-WLE/FIRljN1OUQSwjMeLjRJ4DGITJ7vrJUuRbEa+37wLwWRY3IlGNk4aEhP8EeLrLaT2aL5o3vcBB8qdFTgU1A==",
			"license": "BSD-3-Clause",
			"dependencies": {
				"@jupyterlab/services": "^7.0.0",
				"@lumino/coreutils": "^2.0.0",
				"@lumino/messaging": "^2.0.0",
				"@lumino/widgets": "^2.0.0",
				"@types/backbone": "1.4.14",
				"@types/lodash": "^4.14.134",
				"backbone": "1.4.0",
				"jquery": "^3.1.1",
				"lodash": "^4.17.4"
			}
		},
		"node_modules/@jupyter/ydoc": {
			"version": "4.1.1",
			"resolved": "https://registry.npmjs.org/@jupyter/ydoc/-/ydoc-4.1.1.tgz",
			"integrity": "sha512-fO6WMy2j+Hu+/SjfLycCQZq2OIPBPJtdgrY02mgaHUAsGJ+THQ9JmVgm/Lbai4x1+npXT663FJwVm7z0zJd3Pw==",
			"license": "BSD-3-Clause",
			"dependencies": {
				"@jupyterlab/nbformat": "^3.0.0 || ^4.0.0-alpha.21 || ^4.0.0",
				"@lumino/coreutils": "^1.11.0 || ^2.0.0",
				"@lumino/disposable": "^1.10.0 || ^2.0.0",
				"@lumino/signaling": "^1.10.0 || ^2.0.0",
				"y-protocols": "^1.0.5",
				"yjs": "^13.5.40"
			}
		},
		"node_modules/@jupyterlab/coreutils": {
			"version": "6.6.3",
			"resolved": "https://registry.npmjs.org/@jupyterlab/coreutils/-/coreutils-6.6.3.tgz",
			"integrity": "sha512-GfQ4XmR0FXcbfK0DwU+0Hy/o4lxigqhP2FRlKbT4eG7tvorulPqbidkwxPKMG9v+LWNdBCE+ENUB5BdLBCdWmA==",
			"license": "BSD-3-Clause",
			"dependencies": {
				"@lumino/coreutils": "^2.2.2",
				"@lumino/disposable": "^2.1.5",
				"@lumino/signaling": "^2.1.5",
				"minimist": "~1.2.0",
				"path-browserify": "^1.0.0",
				"url-parse": "~1.5.4"
			}
		},
		"node_modules/@jupyterlab/nbformat": {
			"version": "4.6.3",
			"resolved": "https://registry.npmjs.org/@jupyterlab/nbformat/-/nbformat-4.6.3.tgz",
			"integrity": "sha512-MohoKGpjsqX0xXnnEt/HCzCLVYSLQyhmOktw2EipdzqJW59Y5SCZAQdILzYuvkEVtKmsXWRskIBTf5mG3bgflQ==",
			"license": "BSD-3-Clause",
			"dependencies": {
				"@lumino/coreutils": "^2.2.2"
			}
		},
		"node_modules/@jupyterlab/services": {
			"version": "7.6.3",
			"resolved": "https://registry.npmjs.org/@jupyterlab/services/-/services-7.6.3.tgz",
			"integrity": "sha512-UJIUXYKBgt52FKHvkLB41RMFgvl/veEKnsDIsX1KplxAakjhyv8O7RN1HwOxoVRr3L1EopmCQQNcV+dNehZC6Q==",
			"license": "BSD-3-Clause",
			"dependencies": {
				"@jupyter/ydoc": "^4.0.0",
				"@jupyterlab/coreutils": "^6.6.3",
				"@jupyterlab/nbformat": "^4.6.3",
				"@jupyterlab/settingregistry": "^4.6.3",
				"@jupyterlab/statedb": "^4.6.3",
				"@lumino/coreutils": "^2.2.2",
				"@lumino/disposable": "^2.1.5",
				"@lumino/polling": "^2.1.5",
				"@lumino/properties": "^2.0.4",
				"@lumino/signaling": "^2.1.5",
				"ws": "^8.11.0"
			}
		},
		"node_modules/@jupyterlab/settingregistry": {
			"version": "4.6.3",
			"resolved": "https://registry.npmjs.org/@jupyterlab/settingregistry/-/settingregistry-4.6.3.tgz",
			"integrity": "sha512-im+SwG60BMLo34lTEXcQzzCnYSoMu9Gj3n9VxNKbhrubkGbHlKniFzQilScVl171qYj9ajlBRBbBNX6MEsQbwg==",
			"license": "BSD-3-Clause",
			"dependencies": {
				"@jupyterlab/nbformat": "^4.6.3",
				"@jupyterlab/statedb": "^4.6.3",
				"@lumino/commands": "^2.3.3",
				"@lumino/coreutils": "^2.2.2",
				"@lumino/disposable": "^2.1.5",
				"@lumino/signaling": "^2.1.5",
				"@rjsf/utils": "^5.13.4",
				"ajv": "^8.12.0",
				"json5": "^2.2.3"
			},
			"peerDependencies": {
				"react": ">=16"
			}
		},
		"node_modules/@jupyterlab/statedb": {
			"version": "4.6.3",
			"resolved": "https://registry.npmjs.org/@jupyterlab/statedb/-/statedb-4.6.3.tgz",
			"integrity": "sha512-AK3biRUc2Fqwud+4mvV7/gKYazhwDNfe3ShgFkrNsr4rXjHlTJiQzMI1Pe3Yy27ZhTasCXWn9YNJv/+Ah677Fw==",
			"license": "BSD-3-Clause",
			"dependencies": {
				"@lumino/commands": "^2.3.3",
				"@lumino/coreutils": "^2.2.2",
				"@lumino/disposable": "^2.1.5",
				"@lumino/properties": "^2.0.4",
				"@lumino/signaling": "^2.1.5"
			}
		},
		"node_modules/@lumino/algorithm": {
			"version": "2.0.5",
			"resolved": "https://registry.npmjs.org/@lumino/algorithm/-/algorithm-2.0.5.tgz",
			"integrity": "sha512-yW5k0IRrNlNDL9/hLOPr0XaMYf7YSZ5a/uJ++a92ziBe7v7a3xzBJ1+Awhb6fMyanE0Mz97UOQIsHa3vWB0UQA==",
			"license": "BSD-3-Clause"
		},
		"node_modules/@lumino/collections": {
			"version": "2.0.5",
			"resolved": "https://registry.npmjs.org/@lumino/collections/-/collections-2.0.5.tgz",
			"integrity": "sha512-iRthCb6cMoq1rcd4OC8dNFU7v/YbJOw647kzqrMxLPlQmMeeY5wHxF/W9qCb01VUI3zyxvh0/ND4DHB4mruJfA==",
			"license": "BSD-3-Clause",
			"dependencies": {
				"@lumino/algorithm": "^2.0.5"
			}
		},
		"node_modules/@lumino/commands": {
			"version": "2.3.4",
			"resolved": "https://registry.npmjs.org/@lumino/commands/-/commands-2.3.4.tgz",
			"integrity": "sha512-bmCdM7jxX25s9ydKZcWmF7xL051MsG5fJ9IyCHoOPcKm3keuwX3wY1PpVERuooUvU6zZfI7+LFaolWX0eCs2Hw==",
			"license": "BSD-3-Clause",
			"dependencies": {
				"@lumino/algorithm": "^2.0.5",
				"@lumino/coreutils": "^2.2.3",
				"@lumino/disposable": "^2.1.6",
				"@lumino/domutils": "^2.0.5",
				"@lumino/keyboard": "^2.0.5",
				"@lumino/signaling": "^2.1.6",
				"@lumino/virtualdom": "^2.0.5"
			}
		},
		"node_modules/@lumino/coreutils": {
			"version": "2.2.3",
			"resolved": "https://registry.npmjs.org/@lumino/coreutils/-/coreutils-2.2.3.tgz",
			"integrity": "sha512-YxmayMeq8VJCPqo1okpsA3oOoz0eZeG5qedOLmopm+N/GwQT7S34QPPts49omVUwTJ0Xo8fGzOsxnS/LwnVl1Q==",
			"license": "BSD-3-Clause",
			"dependencies": {
				"@lumino/algorithm": "^2.0.5"
			}
		},
		"node_modules/@lumino/disposable": {
			"version": "2.1.6",
			"resolved": "https://registry.npmjs.org/@lumino/disposable/-/disposable-2.1.6.tgz",
			"integrity": "sha512-mTDBsftt+dWkP3MeeLuYjJ7mtOcrMld6Pq4h7EY6HzhPSdPXzvQELZ29vpc1lq6EWz/fzCfpoE+W8AzNUCHTLg==",
			"license": "BSD-3-Clause",
			"dependencies": {
				"@lumino/signaling": "^2.1.6"
			}
		},
		"node_modules/@lumino/domutils": {
			"version": "2.0.5",
			"resolved": "https://registry.npmjs.org/@lumino/domutils/-/domutils-2.0.5.tgz",
			"integrity": "sha512-4zsSqWqAHvOFJTtvyAZsQu7qL5ZZRu37mTzppZNAI3a91jlIben3NbAMGZiyZeAnv3b9Z7S5sPOVWZKkJyhegg==",
			"license": "BSD-3-Clause"
		},
		"node_modules/@lumino/dragdrop": {
			"version": "2.1.9",
			"resolved": "https://registry.npmjs.org/@lumino/dragdrop/-/dragdrop-2.1.9.tgz",
			"integrity": "sha512-gwkdJNLrRE8GVh4Z70Yj5fhpasQNDkt8Z/aOneQbL4T1bpsMTwzdn3t/2pIZaWngrEqCGnj0ofUUuQAYZuQMyw==",
			"license": "BSD-3-Clause",
			"dependencies": {
				"@lumino/coreutils": "^2.2.3",
				"@lumino/disposable": "^2.1.6"
			}
		},
		"node_modules/@lumino/keyboard": {
			"version": "2.0.5",
			"resolved": "https://registry.npmjs.org/@lumino/keyboard/-/keyboard-2.0.5.tgz",
			"integrity": "sha512-YB7kmE0+ZeZ6oN/Qps6Ln8MXe4rZQh+27ex4GTJuxTMvvbqFhDW6mc/zN6av22HYxDlOF55YlzNhjk2LpD8k7A==",
			"license": "BSD-3-Clause"
		},
		"node_modules/@lumino/messaging": {
			"version": "2.0.5",
			"resolved": "https://registry.npmjs.org/@lumino/messaging/-/messaging-2.0.5.tgz",
			"integrity": "sha512-LNvV9xW6pkVuW8n4vFYxboJFOtt2WRJZMrg3Ta6C6LcfazVQy+ubiC8GRqBMq2ufZ1zclOWQII5QFC1wxFm6dg==",
			"license": "BSD-3-Clause",
			"dependencies": {
				"@lumino/algorithm": "^2.0.5",
				"@lumino/collections": "^2.0.5"
			}
		},
		"node_modules/@lumino/polling": {
			"version": "2.1.6",
			"resolved": "https://registry.npmjs.org/@lumino/polling/-/polling-2.1.6.tgz",
			"integrity": "sha512-q1+Ii2AH8rdLoeJvvjpNnmQU0PcDSXLVm0+XO447eJwYFRg56zjvZ/ZrbFUwPA0jz0xf2hbeHkdyAkmcVI4Qcw==",
			"license": "BSD-3-Clause",
			"dependencies": {
				"@lumino/coreutils": "^2.2.3",
				"@lumino/disposable": "^2.1.6",
				"@lumino/signaling": "^2.1.6"
			}
		},
		"node_modules/@lumino/properties": {
			"version": "2.0.5",
			"resolved": "https://registry.npmjs.org/@lumino/properties/-/properties-2.0.5.tgz",
			"integrity": "sha512-+Yoo9lb/hzNKFXpkRaEC4r7aMe8prbEhscAbA/vyzqmY4NYjZsiqhxHUgyKgtGHosrrpY59Qv4ha+5csU08zsw==",
			"license": "BSD-3-Clause"
		},
		"node_modules/@lumino/signaling": {
			"version": "2.1.6",
			"resolved": "https://registry.npmjs.org/@lumino/signaling/-/signaling-2.1.6.tgz",
			"integrity": "sha512-PEB2nuNyippF/vj28oiDm7Zy8vAeVq07NE59L79GhaTe9i37TCjtA3+67DJnVGn1+fQPfexs6HdrY/90JFFwiw==",
			"license": "BSD-3-Clause",
			"dependencies": {
				"@lumino/algorithm": "^2.0.5",
				"@lumino/coreutils": "^2.2.3"
			}
		},
		"node_modules/@lumino/virtualdom": {
			"version": "2.0.5",
			"resolved": "https://registry.npmjs.org/@lumino/virtualdom/-/virtualdom-2.0.5.tgz",
			"integrity": "sha512-Qgvtv9Iruny+p2y/jPWo9tOcUqS+Nlcwg14+m+xJEclFyVTpY8gGJKTDY8Y1wVO5PpQjRPNdbF8lxzrGR/89IA==",
			"license": "BSD-3-Clause",
			"dependencies": {
				"@lumino/algorithm": "^2.0.5"
			}
		},
		"node_modules/@lumino/widgets": {
			"version": "2.9.0",
			"resolved": "https://registry.npmjs.org/@lumino/widgets/-/widgets-2.9.0.tgz",
			"integrity": "sha512-cLiHV/QJxP54Bg+Ixa24VDzj48YkgtW7drBI4gRAZqM1e3zcDF4HoDT0BsobRq4A7oaFmqNhzD/PMTtw9w9zJg==",
			"license": "BSD-3-Clause",
			"dependencies": {
				"@lumino/algorithm": "^2.0.5",
				"@lumino/commands": "^2.3.4",
				"@lumino/coreutils": "^2.2.3",
				"@lumino/disposable": "^2.1.6",
				"@lumino/domutils": "^2.0.5",
				"@lumino/dragdrop": "^2.1.9",
				"@lumino/keyboard": "^2.0.5",
				"@lumino/messaging": "^2.0.5",
				"@lumino/properties": "^2.0.5",
				"@lumino/signaling": "^2.1.6",
				"@lumino/virtualdom": "^2.0.5"
			}
		},
		"node_modules/@rjsf/utils": {
			"version": "5.24.13",
			"resolved": "https://registry.npmjs.org/@rjsf/utils/-/utils-5.24.13.tgz",
			"integrity": "sha512-rNF8tDxIwTtXzz5O/U23QU73nlhgQNYJ+Sv5BAwQOIyhIE2Z3S5tUiSVMwZHt0julkv/Ryfwi+qsD4FiE5rOuw==",
			"license": "Apache-2.0",
			"dependencies": {
				"json-schema-merge-allof": "^0.8.1",
				"jsonpointer": "^5.0.1",
				"lodash": "^4.17.21",
				"lodash-es": "^4.17.21",
				"react-is": "^18.2.0"
			},
			"engines": {
				"node": ">=14"
			},
			"peerDependencies": {
				"react": "^16.14.0 || >=17"
			}
		},
		"node_modules/@types/backbone": {
			"version": "1.4.14",
			"resolved": "https://registry.npmjs.org/@types/backbone/-/backbone-1.4.14.tgz",
			"integrity": "sha512-85ldQ99fiYTJFBlZuAJRaCdvTZKZ2p1fSs3fVf+6Ub6k1X0g0hNJ0qJ/2FOByyyAQYLtbEz3shX5taKQfBKBDw==",
			"license": "MIT",
			"dependencies": {
				"@types/jquery": "*",
				"@types/underscore": "*"
			}
		},
		"node_modules/@types/d3-color": {
			"version": "3.1.3",
			"resolved": "https://registry.npmjs.org/@types/d3-color/-/d3-color-3.1.3.tgz",
			"integrity": "sha512-iO90scth9WAbmgv7ogoq57O9YpKmFBbmoEoCHDB2xMBY0+/KVrqAaCDyCE16dUspeOvIxFFRI+0sEtqDqy2b4A==",
			"license": "MIT"
		},
		"node_modules/@types/d3-drag": {
			"version": "3.0.7",
			"resolved": "https://registry.npmjs.org/@types/d3-drag/-/d3-drag-3.0.7.tgz",
			"integrity": "sha512-HE3jVKlzU9AaMazNufooRJ5ZpWmLIoc90A37WU2JMmeq28w1FQqCZswHZ3xR+SuxYftzHq6WU6KJHvqxKzTxxQ==",
			"license": "MIT",
			"dependencies": {
				"@types/d3-selection": "*"
			}
		},
		"node_modules/@types/d3-interpolate": {
			"version": "3.0.4",
			"resolved": "https://registry.npmjs.org/@types/d3-interpolate/-/d3-interpolate-3.0.4.tgz",
			"integrity": "sha512-mgLPETlrpVV1YRJIglr4Ez47g7Yxjl1lj7YKsiMCb27VJH9W8NVM6Bb9d8kkpG/uAQS5AmbA48q2IAolKKo1MA==",
			"license": "MIT",
			"dependencies": {
				"@types/d3-color": "*"
			}
		},
		"node_modules/@types/d3-selection": {
			"version": "3.0.11",
			"resolved": "https://registry.npmjs.org/@types/d3-selection/-/d3-selection-3.0.11.tgz",
			"integrity": "sha512-bhAXu23DJWsrI45xafYpkQ4NtcKMwWnAC/vKrd2l+nxMFuvOT3XMYTIj2opv8vq8AO5Yh7Qac/nSeP/3zjTK0w==",
			"license": "MIT"
		},
		"node_modules/@types/d3-transition": {
			"version": "3.0.9",
			"resolved": "https://registry.npmjs.org/@types/d3-transition/-/d3-transition-3.0.9.tgz",
			"integrity": "sha512-uZS5shfxzO3rGlu0cC3bjmMFKsXv+SmZZcgp0KD22ts4uGXp5EVYGzu/0YdwZeKmddhcAccYtREJKkPfXkZuCg==",
			"license": "MIT",
			"dependencies": {
				"@types/d3-selection": "*"
			}
		},
		"node_modules/@types/d3-zoom": {
			"version": "3.0.8",
			"resolved": "https://registry.npmjs.org/@types/d3-zoom/-/d3-zoom-3.0.8.tgz",
			"integrity": "sha512-iqMC4/YlFCSlO8+2Ii1GGGliCAY4XdeG748w5vQUbevlbDu0zSjH/+jojorQVBK/se0j6DUFNPBGSqD3YWYnDw==",
			"license": "MIT",
			"dependencies": {
				"@types/d3-interpolate": "*",
				"@types/d3-selection": "*"
			}
		},
		"node_modules/@types/jquery": {
			"version": "4.0.1",
			"resolved": "https://registry.npmjs.org/@types/jquery/-/jquery-4.0.1.tgz",
			"integrity": "sha512-9a59A/tycXgYuPABcp6/3spSShn0NT2UOM4EfHvMumjYi4lJWTsK5SZWjhx3yRm9IHGCeWXdV2YfNsrWrft/CA==",
			"license": "MIT"
		},
		"node_modules/@types/lodash": {
			"version": "4.17.25",
			"resolved": "https://registry.npmjs.org/@types/lodash/-/lodash-4.17.25.tgz",
			"integrity": "sha512-+K1NIO8I+F9/wNulfVvu23QYd0Pe9/OCqRrim4NoYIf1VoEDL90Ve4ClzpyqBLc7NpGGWRvYNCKZ1BE/Jpf8dQ==",
			"license": "MIT"
		},
		"node_modules/@types/prop-types": {
			"version": "15.7.15",
			"resolved": "https://registry.npmjs.org/@types/prop-types/-/prop-types-15.7.15.tgz",
			"integrity": "sha512-F6bEyamV9jKGAFBEmlQnesRPGOQqS2+Uwi0Em15xenOxHaf2hv6L8YCVn3rPdPJOiJfPiCnLIRyvwVaqMY3MIw==",
			"license": "MIT",
			"peer": true
		},
		"node_modules/@types/react": {
			"version": "18.3.31",
			"resolved": "https://registry.npmjs.org/@types/react/-/react-18.3.31.tgz",
			"integrity": "sha512-vfEqpXTvwT91yhmwdfouStN2hSKwTvyRs8qpLfADyrq/kxDw0hZM7Wk9Ug1FELj8hIby+S/+kQCSRFF32nv2Qw==",
			"license": "MIT",
			"peer": true,
			"dependencies": {
				"@types/prop-types": "*",
				"csstype": "^3.2.2"
			}
		},
		"node_modules/@types/react-dom": {
			"version": "18.3.7",
			"resolved": "https://registry.npmjs.org/@types/react-dom/-/react-dom-18.3.7.tgz",
			"integrity": "sha512-MEe3UeoENYVFXzoXEWsvcpg6ZvlrFNlOQ7EOsvhI3CfAXwzPfO8Qwuxd40nepsYKqyyVQnTdEfv68q91yLcKrQ==",
			"license": "MIT",
			"peer": true,
			"peerDependencies": {
				"@types/react": "^18.0.0"
			}
		},
		"node_modules/@types/underscore": {
			"version": "1.13.0",
			"resolved": "https://registry.npmjs.org/@types/underscore/-/underscore-1.13.0.tgz",
			"integrity": "sha512-L6LBgy1f0EFQZ+7uSA57+n2g/s4Qs5r06Vwrwn0/nuK1de+adz00NWaztRQ30aEqw5qOaWbPI8u2cGQ52lj6VA==",
			"license": "MIT"
		},
		"node_modules/@xyflow/react": {
			"version": "12.11.3",
			"resolved": "https://registry.npmjs.org/@xyflow/react/-/react-12.11.3.tgz",
			"integrity": "sha512-G3jogHz2GWUtIOkhavUGno2YzY9u6fILIJBttfsBendb0/HWB90JG+sOTAvlIMEwyvq9zgy9V9ZQSwyQjR5QzQ==",
			"license": "MIT",
			"dependencies": {
				"@xyflow/system": "0.0.80",
				"classcat": "^5.0.3",
				"zustand": "^4.4.0"
			},
			"peerDependencies": {
				"@types/react": ">=17",
				"@types/react-dom": ">=17",
				"react": ">=17",
				"react-dom": ">=17"
			},
			"peerDependenciesMeta": {
				"@types/react": {
					"optional": true
				},
				"@types/react-dom": {
					"optional": true
				}
			}
		},
		"node_modules/@xyflow/system": {
			"version": "0.0.80",
			"resolved": "https://registry.npmjs.org/@xyflow/system/-/system-0.0.80.tgz",
			"integrity": "sha512-ywc3ZqG91brzWrH1WlwMdIX4goOfrpBy6AbLdVSaof/Xx9l138ijIKRExM6EkMro2F+OImGmSiA/WKcXvKVcfA==",
			"license": "MIT",
			"dependencies": {
				"@types/d3-drag": "^3.0.7",
				"@types/d3-interpolate": "^3.0.4",
				"@types/d3-selection": "^3.0.10",
				"@types/d3-transition": "^3.0.8",
				"@types/d3-zoom": "^3.0.8",
				"d3-drag": "^3.0.0",
				"d3-interpolate": "^3.0.1",
				"d3-selection": "^3.0.0",
				"d3-zoom": "^3.0.0"
			}
		},
		"node_modules/ajv": {
			"version": "8.20.0",
			"resolved": "https://registry.npmjs.org/ajv/-/ajv-8.20.0.tgz",
			"integrity": "sha512-Thbli+OlOj+iMPYFBVBfJ3OmCAnaSyNn4M1vz9T6Gka5Jt9ba/HIR56joy65tY6kx/FCF5VXNB819Y7/GUrBGA==",
			"license": "MIT",
			"dependencies": {
				"fast-deep-equal": "^3.1.3",
				"fast-uri": "^3.0.1",
				"json-schema-traverse": "^1.0.0",
				"require-from-string": "^2.0.2"
			},
			"funding": {
				"type": "github",
				"url": "https://github.com/sponsors/epoberezkin"
			}
		},
		"node_modules/backbone": {
			"version": "1.4.0",
			"resolved": "https://registry.npmjs.org/backbone/-/backbone-1.4.0.tgz",
			"integrity": "sha512-RLmDrRXkVdouTg38jcgHhyQ/2zjg7a8E6sz2zxfz21Hh17xDJYUHBZimVIt5fUyS8vbfpeSmTL3gUjTEvUV3qQ==",
			"license": "MIT",
			"dependencies": {
				"underscore": ">=1.8.3"
			}
		},
		"node_modules/classcat": {
			"version": "5.0.5",
			"resolved": "https://registry.npmjs.org/classcat/-/classcat-5.0.5.tgz",
			"integrity": "sha512-JhZUT7JFcQy/EzW605k/ktHtncoo9vnyW/2GspNYwFlN1C/WmjuV/xtS04e9SOkL2sTdw0VAZ2UGCcQ9lR6p6w==",
			"license": "MIT"
		},
		"node_modules/compute-gcd": {
			"version": "1.2.1",
			"resolved": "https://registry.npmjs.org/compute-gcd/-/compute-gcd-1.2.1.tgz",
			"integrity": "sha512-TwMbxBNz0l71+8Sc4czv13h4kEqnchV9igQZBi6QUaz09dnz13juGnnaWWJTRsP3brxOoxeB4SA2WELLw1hCtg==",
			"dependencies": {
				"validate.io-array": "^1.0.3",
				"validate.io-function": "^1.0.2",
				"validate.io-integer-array": "^1.0.0"
			}
		},
		"node_modules/compute-lcm": {
			"version": "1.1.2",
			"resolved": "https://registry.npmjs.org/compute-lcm/-/compute-lcm-1.1.2.tgz",
			"integrity": "sha512-OFNPdQAXnQhDSKioX8/XYT6sdUlXwpeMjfd6ApxMJfyZ4GxmLR1xvMERctlYhlHwIiz6CSpBc2+qYKjHGZw4TQ==",
			"dependencies": {
				"compute-gcd": "^1.2.1",
				"validate.io-array": "^1.0.3",
				"validate.io-function": "^1.0.2",
				"validate.io-integer-array": "^1.0.0"
			}
		},
		"node_modules/csstype": {
			"version": "3.2.3",
			"resolved": "https://registry.npmjs.org/csstype/-/csstype-3.2.3.tgz",
			"integrity": "sha512-z1HGKcYy2xA8AGQfwrn0PAy+PB7X/GSj3UVJW9qKyn43xWa+gl5nXmU4qqLMRzWVLFC8KusUX8T/0kCiOYpAIQ==",
			"license": "MIT",
			"peer": true
		},
		"node_modules/d3-color": {
			"version": "3.1.0",
			"resolved": "https://registry.npmjs.org/d3-color/-/d3-color-3.1.0.tgz",
			"integrity": "sha512-zg/chbXyeBtMQ1LbD/WSoW2DpC3I0mpmPdW+ynRTj/x2DAWYrIY7qeZIHidozwV24m4iavr15lNwIwLxRmOxhA==",
			"license": "ISC",
			"engines": {
				"node": ">=12"
			}
		},
		"node_modules/d3-dispatch": {
			"version": "3.0.1",
			"resolved": "https://registry.npmjs.org/d3-dispatch/-/d3-dispatch-3.0.1.tgz",
			"integrity": "sha512-rzUyPU/S7rwUflMyLc1ETDeBj0NRuHKKAcvukozwhshr6g6c5d8zh4c2gQjY2bZ0dXeGLWc1PF174P2tVvKhfg==",
			"license": "ISC",
			"engines": {
				"node": ">=12"
			}
		},
		"node_modules/d3-drag": {
			"version": "3.0.0",
			"resolved": "https://registry.npmjs.org/d3-drag/-/d3-drag-3.0.0.tgz",
			"integrity": "sha512-pWbUJLdETVA8lQNJecMxoXfH6x+mO2UQo8rSmZ+QqxcbyA3hfeprFgIT//HW2nlHChWeIIMwS2Fq+gEARkhTkg==",
			"license": "ISC",
			"dependencies": {
				"d3-dispatch": "1 - 3",
				"d3-selection": "3"
			},
			"engines": {
				"node": ">=12"
			}
		},
		"node_modules/d3-ease": {
			"version": "3.0.1",
			"resolved": "https://registry.npmjs.org/d3-ease/-/d3-ease-3.0.1.tgz",
			"integrity": "sha512-wR/XK3D3XcLIZwpbvQwQ5fK+8Ykds1ip7A2Txe0yxncXSdq1L9skcG7blcedkOX+ZcgxGAmLX1FrRGbADwzi0w==",
			"license": "BSD-3-Clause",
			"engines": {
				"node": ">=12"
			}
		},
		"node_modules/d3-interpolate": {
			"version": "3.0.1",
			"resolved": "https://registry.npmjs.org/d3-interpolate/-/d3-interpolate-3.0.1.tgz",
			"integrity": "sha512-3bYs1rOD33uo8aqJfKP3JWPAibgw8Zm2+L9vBKEHJ2Rg+viTR7o5Mmv5mZcieN+FRYaAOWX5SJATX6k1PWz72g==",
			"license": "ISC",
			"dependencies": {
				"d3-color": "1 - 3"
			},
			"engines": {
				"node": ">=12"
			}
		},
		"node_modules/d3-selection": {
			"version": "3.0.0",
			"resolved": "https://registry.npmjs.org/d3-selection/-/d3-selection-3.0.0.tgz",
			"integrity": "sha512-fmTRWbNMmsmWq6xJV8D19U/gw/bwrHfNXxrIN+HfZgnzqTHp9jOmKMhsTUjXOJnZOdZY9Q28y4yebKzqDKlxlQ==",
			"license": "ISC",
			"engines": {
				"node": ">=12"
			}
		},
		"node_modules/d3-timer": {
			"version": "3.0.1",
			"resolved": "https://registry.npmjs.org/d3-timer/-/d3-timer-3.0.1.tgz",
			"integrity": "sha512-ndfJ/JxxMd3nw31uyKoY2naivF+r29V+Lc0svZxe1JvvIRmi8hUsrMvdOwgS1o6uBHmiz91geQ0ylPP0aj1VUA==",
			"license": "ISC",
			"engines": {
				"node": ">=12"
			}
		},
		"node_modules/d3-transition": {
			"version": "3.0.1",
			"resolved": "https://registry.npmjs.org/d3-transition/-/d3-transition-3.0.1.tgz",
			"integrity": "sha512-ApKvfjsSR6tg06xrL434C0WydLr7JewBB3V+/39RMHsaXTOG0zmt/OAXeng5M5LBm0ojmxJrpomQVZ1aPvBL4w==",
			"license": "ISC",
			"dependencies": {
				"d3-color": "1 - 3",
				"d3-dispatch": "1 - 3",
				"d3-ease": "1 - 3",
				"d3-interpolate": "1 - 3",
				"d3-timer": "1 - 3"
			},
			"engines": {
				"node": ">=12"
			},
			"peerDependencies": {
				"d3-selection": "2 - 3"
			}
		},
		"node_modules/d3-zoom": {
			"version": "3.0.0",
			"resolved": "https://registry.npmjs.org/d3-zoom/-/d3-zoom-3.0.0.tgz",
			"integrity": "sha512-b8AmV3kfQaqWAuacbPuNbL6vahnOJflOhexLzMMNLga62+/nh0JzvJ0aO/5a5MVgUFGS7Hu1P9P03o3fJkDCyw==",
			"license": "ISC",
			"dependencies": {
				"d3-dispatch": "1 - 3",
				"d3-drag": "2 - 3",
				"d3-interpolate": "1 - 3",
				"d3-selection": "2 - 3",
				"d3-transition": "2 - 3"
			},
			"engines": {
				"node": ">=12"
			}
		},
		"node_modules/elkjs": {
			"version": "0.9.3",
			"resolved": "https://registry.npmjs.org/elkjs/-/elkjs-0.9.3.tgz",
			"integrity": "sha512-f/ZeWvW/BCXbhGEf1Ujp29EASo/lk1FDnETgNKwJrsVvGZhUWCZyg3xLJjAsxfOmt8KjswHmI5EwCQcPMpOYhQ==",
			"license": "EPL-2.0"
		},
		"node_modules/esbuild": {
			"version": "0.23.1",
			"resolved": "https://registry.npmjs.org/esbuild/-/esbuild-0.23.1.tgz",
			"integrity": "sha512-VVNz/9Sa0bs5SELtn3f7qhJCDPCF5oMEl5cO9/SSinpE9hbPVvxbd572HH5AKiP7WD8INO53GgfDDhRjkylHEg==",
			"dev": true,
			"hasInstallScript": true,
			"license": "MIT",
			"bin": {
				"esbuild": "bin/esbuild"
			},
			"engines": {
				"node": ">=18"
			},
			"optionalDependencies": {
				"@esbuild/aix-ppc64": "0.23.1",
				"@esbuild/android-arm": "0.23.1",
				"@esbuild/android-arm64": "0.23.1",
				"@esbuild/android-x64": "0.23.1",
				"@esbuild/darwin-arm64": "0.23.1",
				"@esbuild/darwin-x64": "0.23.1",
				"@esbuild/freebsd-arm64": "0.23.1",
				"@esbuild/freebsd-x64": "0.23.1",
				"@esbuild/linux-arm": "0.23.1",
				"@esbuild/linux-arm64": "0.23.1",
				"@esbuild/linux-ia32": "0.23.1",
				"@esbuild/linux-loong64": "0.23.1",
				"@esbuild/linux-mips64el": "0.23.1",
				"@esbuild/linux-ppc64": "0.23.1",
				"@esbuild/linux-riscv64": "0.23.1",
				"@esbuild/linux-s390x": "0.23.1",
				"@esbuild/linux-x64": "0.23.1",
				"@esbuild/netbsd-x64": "0.23.1",
				"@esbuild/openbsd-arm64": "0.23.1",
				"@esbuild/openbsd-x64": "0.23.1",
				"@esbuild/sunos-x64": "0.23.1",
				"@esbuild/win32-arm64": "0.23.1",
				"@esbuild/win32-ia32": "0.23.1",
				"@esbuild/win32-x64": "0.23.1"
			}
		},
		"node_modules/fast-deep-equal": {
			"version": "3.1.3",
			"resolved": "https://registry.npmjs.org/fast-deep-equal/-/fast-deep-equal-3.1.3.tgz",
			"integrity": "sha512-f3qQ9oQy9j2AhBe/H9VC91wLmKBCCU/gDOnKNAYG5hswO7BLKj09Hc5HYNz9cGI++xlpDCIgDaitVs03ATR84Q==",
			"license": "MIT"
		},
		"node_modules/fast-uri": {
			"version": "3.1.5",
			"resolved": "https://registry.npmjs.org/fast-uri/-/fast-uri-3.1.5.tgz",
			"integrity": "sha512-gHwA1O9LDIcKunMKhObS/HimwtehO1nPUECKAu5TpKgaO19fcWEl4bliWe1jWxVFvIXztJjjQ4L8XQ1EU9f7Jw==",
			"funding": [
				{
					"type": "github",
					"url": "https://github.com/sponsors/fastify"
				},
				{
					"type": "opencollective",
					"url": "https://opencollective.com/fastify"
				}
			],
			"license": "BSD-3-Clause"
		},
		"node_modules/isomorphic.js": {
			"version": "0.2.5",
			"resolved": "https://registry.npmjs.org/isomorphic.js/-/isomorphic.js-0.2.5.tgz",
			"integrity": "sha512-PIeMbHqMt4DnUP3MA/Flc0HElYjMXArsw1qwJZcm9sqR8mq3l8NYizFMty0pWwE/tzIGH3EKK5+jes5mAr85yw==",
			"license": "MIT",
			"funding": {
				"type": "GitHub Sponsors ❤",
				"url": "https://github.com/sponsors/dmonad"
			}
		},
		"node_modules/jquery": {
			"version": "3.7.1",
			"resolved": "https://registry.npmjs.org/jquery/-/jquery-3.7.1.tgz",
			"integrity": "sha512-m4avr8yL8kmFN8psrbFFFmB/If14iN5o9nw/NgnnM+kybDJpRsAynV2BsfpTYrTRysYUdADVD7CkUUizgkpLfg==",
			"license": "MIT"
		},
		"node_modules/js-tokens": {
			"version": "4.0.0",
			"resolved": "https://registry.npmjs.org/js-tokens/-/js-tokens-4.0.0.tgz",
			"integrity": "sha512-RdJUflcE3cUzKiMqQgsCu06FPu9UdIJO0beYbPhHN4k6apgJtifcoCtT9bcxOpYBtpD2kCM6Sbzg4CausW/PKQ==",
			"license": "MIT"
		},
		"node_modules/json-schema-compare": {
			"version": "0.2.2",
			"resolved": "https://registry.npmjs.org/json-schema-compare/-/json-schema-compare-0.2.2.tgz",
			"integrity": "sha512-c4WYmDKyJXhs7WWvAWm3uIYnfyWFoIp+JEoX34rctVvEkMYCPGhXtvmFFXiffBbxfZsvQ0RNnV5H7GvDF5HCqQ==",
			"license": "MIT",
			"dependencies": {
				"lodash": "^4.17.4"
			}
		},
		"node_modules/json-schema-merge-allof": {
			"version": "0.8.1",
			"resolved": "https://registry.npmjs.org/json-schema-merge-allof/-/json-schema-merge-allof-0.8.1.tgz",
			"integrity": "sha512-CTUKmIlPJbsWfzRRnOXz+0MjIqvnleIXwFTzz+t9T86HnYX/Rozria6ZVGLktAU9e+NygNljveP+yxqtQp/Q4w==",
			"license": "MIT",
			"dependencies": {
				"compute-lcm": "^1.1.2",
				"json-schema-compare": "^0.2.2",
				"lodash": "^4.17.20"
			},
			"engines": {
				"node": ">=12.0.0"
			}
		},
		"node_modules/json-schema-traverse": {
			"version": "1.0.0",
			"resolved": "https://registry.npmjs.org/json-schema-traverse/-/json-schema-traverse-1.0.0.tgz",
			"integrity": "sha512-NM8/P9n3XjXhIZn1lLhkFaACTOURQXjWhV4BA/RnOv8xvgqtqpAX9IO4mRQxSx1Rlo4tqzeqb0sOlruaOy3dug==",
			"license": "MIT"
		},
		"node_modules/json5": {
			"version": "2.2.3",
			"resolved": "https://registry.npmjs.org/json5/-/json5-2.2.3.tgz",
			"integrity": "sha512-XmOWe7eyHYH14cLdVPoyg+GOH3rYX++KpzrylJwSW98t3Nk+U8XOl8FWKOgwtzdb8lXGf6zYwDUzeHMWfxasyg==",
			"license": "MIT",
			"bin": {
				"json5": "lib/cli.js"
			},
			"engines": {
				"node": ">=6"
			}
		},
		"node_modules/jsonpointer": {
			"version": "5.0.1",
			"resolved": "https://registry.npmjs.org/jsonpointer/-/jsonpointer-5.0.1.tgz",
			"integrity": "sha512-p/nXbhSEcu3pZRdkW1OfJhpsVtW1gd4Wa1fnQc9YLiTfAjn0312eMKimbdIQzuZl9aa9xUGaRlP9T/CJE/ditQ==",
			"license": "MIT",
			"engines": {
				"node": ">=0.10.0"
			}
		},
		"node_modules/lib0": {
			"version": "0.2.117",
			"resolved": "https://registry.npmjs.org/lib0/-/lib0-0.2.117.tgz",
			"integrity": "sha512-DeXj9X5xDCjgKLU/7RR+/HQEVzuuEUiwldwOGsHK/sfAfELGWEyTcf0x+uOvCvK3O2zPmZePXWL85vtia6GyZw==",
			"license": "MIT",
			"dependencies": {
				"isomorphic.js": "^0.2.4"
			},
			"bin": {
				"0ecdsa-generate-keypair": "bin/0ecdsa-generate-keypair.js",
				"0gentesthtml": "bin/gentesthtml.js",
				"0serve": "bin/0serve.js"
			},
			"engines": {
				"node": ">=16"
			},
			"funding": {
				"type": "GitHub Sponsors ❤",
				"url": "https://github.com/sponsors/dmonad"
			}
		},
		"node_modules/lodash": {
			"version": "4.18.1",
			"resolved": "https://registry.npmjs.org/lodash/-/lodash-4.18.1.tgz",
			"integrity": "sha512-dMInicTPVE8d1e5otfwmmjlxkZoUpiVLwyeTdUsi/Caj/gfzzblBcCE5sRHV/AsjuCmxWrte2TNGSYuCeCq+0Q==",
			"license": "MIT"
		},
		"node_modules/lodash-es": {
			"version": "4.18.1",
			"resolved": "https://registry.npmjs.org/lodash-es/-/lodash-es-4.18.1.tgz",
			"integrity": "sha512-J8xewKD/Gk22OZbhpOVSwcs60zhd95ESDwezOFuA3/099925PdHJ7OFHNTGtajL3AlZkykD32HykiMo+BIBI8A==",
			"license": "MIT"
		},
		"node_modules/loose-envify": {
			"version": "1.4.0",
			"resolved": "https://registry.npmjs.org/loose-envify/-/loose-envify-1.4.0.tgz",
			"integrity": "sha512-lyuxPGr/Wfhrlem2CL/UcnUc1zcqKAImBDzukY7Y5F/yQiNdko6+fRLevlw1HgMySw7f611UIY408EtxRSoK3Q==",
			"license": "MIT",
			"dependencies": {
				"js-tokens": "^3.0.0 || ^4.0.0"
			},
			"bin": {
				"loose-envify": "cli.js"
			}
		},
		"node_modules/minimist": {
			"version": "1.2.8",
			"resolved": "https://registry.npmjs.org/minimist/-/minimist-1.2.8.tgz",
			"integrity": "sha512-2yyAR8qBkN3YuheJanUpWC5U3bb5osDywNB8RzDVlDwDHbocAJveqqj1u8+SVD7jkWT4yvsHCpWqqWqAxb0zCA==",
			"license": "MIT",
			"funding": {
				"url": "https://github.com/sponsors/ljharb"
			}
		},
		"node_modules/path-browserify": {
			"version": "1.0.1",
			"resolved": "https://registry.npmjs.org/path-browserify/-/path-browserify-1.0.1.tgz",
			"integrity": "sha512-b7uo2UCUOYZcnF/3ID0lulOJi/bafxa1xPe7ZPsammBSpjSWQkjNxlt635YGS2MiR9GjvuXCtz2emr3jbsz98g==",
			"license": "MIT"
		},
		"node_modules/querystringify": {
			"version": "2.2.0",
			"resolved": "https://registry.npmjs.org/querystringify/-/querystringify-2.2.0.tgz",
			"integrity": "sha512-FIqgj2EUvTa7R50u0rGsyTftzjYmv/a3hO345bZNrqabNqjtgiDMgmo4mkUjd+nzU5oF3dClKqFIPUKybUyqoQ==",
			"license": "MIT"
		},
		"node_modules/react": {
			"version": "18.3.1",
			"resolved": "https://registry.npmjs.org/react/-/react-18.3.1.tgz",
			"integrity": "sha512-wS+hAgJShR0KhEvPJArfuPVN1+Hz1t0Y6n5jLrGQbkb4urgPE/0Rve+1kMB1v/oWgHgm4WIcV+i7F2pTVj+2iQ==",
			"license": "MIT",
			"dependencies": {
				"loose-envify": "^1.1.0"
			},
			"engines": {
				"node": ">=0.10.0"
			}
		},
		"node_modules/react-dom": {
			"version": "18.3.1",
			"resolved": "https://registry.npmjs.org/react-dom/-/react-dom-18.3.1.tgz",
			"integrity": "sha512-5m4nQKp+rZRb09LNH59GM4BxTh9251/ylbKIbpe7TpGxfJ+9kv6BLkLBXIjjspbgbnIBNqlI23tRnTWT0snUIw==",
			"license": "MIT",
			"dependencies": {
				"loose-envify": "^1.1.0",
				"scheduler": "^0.23.2"
			},
			"peerDependencies": {
				"react": "^18.3.1"
			}
		},
		"node_modules/react-is": {
			"version": "18.3.1",
			"resolved": "https://registry.npmjs.org/react-is/-/react-is-18.3.1.tgz",
			"integrity": "sha512-/LLMVyas0ljjAtoYiPqYiL8VWXzUUdThrmU5+n20DZv+a+ClRoevUzw5JxU+Ieh5/c87ytoTBV9G1FiKfNJdmg==",
			"license": "MIT"
		},
		"node_modules/require-from-string": {
			"version": "2.0.2",
			"resolved": "https://registry.npmjs.org/require-from-string/-/require-from-string-2.0.2.tgz",
			"integrity": "sha512-Xf0nWe6RseziFMu+Ap9biiUbmplq6S9/p+7w7YXP/JBHhrUDDUhwa+vANyubuqfZWTveU//DYVGsDG7RKL/vEw==",
			"license": "MIT",
			"engines": {
				"node": ">=0.10.0"
			}
		},
		"node_modules/requires-port": {
			"version": "1.0.0",
			"resolved": "https://registry.npmjs.org/requires-port/-/requires-port-1.0.0.tgz",
			"integrity": "sha512-KigOCHcocU3XODJxsu8i/j8T9tzT4adHiecwORRQ0ZZFcp7ahwXuRU1m+yuO90C5ZUyGeGfocHDI14M3L3yDAQ==",
			"license": "MIT"
		},
		"node_modules/scheduler": {
			"version": "0.23.2",
			"resolved": "https://registry.npmjs.org/scheduler/-/scheduler-0.23.2.tgz",
			"integrity": "sha512-UOShsPwz7NrMUqhR6t0hWjFduvOzbtv7toDH1/hIrfRNIDBnnBWd0CwJTGvTpngVlmwGCdP9/Zl/tVrDqcuYzQ==",
			"license": "MIT",
			"dependencies": {
				"loose-envify": "^1.1.0"
			}
		},
		"node_modules/underscore": {
			"version": "1.13.8",
			"resolved": "https://registry.npmjs.org/underscore/-/underscore-1.13.8.tgz",
			"integrity": "sha512-DXtD3ZtEQzc7M8m4cXotyHR+FAS18C64asBYY5vqZexfYryNNnDc02W4hKg3rdQuqOYas1jkseX0+nZXjTXnvQ==",
			"license": "MIT"
		},
		"node_modules/url-parse": {
			"version": "1.5.10",
			"resolved": "https://registry.npmjs.org/url-parse/-/url-parse-1.5.10.tgz",
			"integrity": "sha512-WypcfiRhfeUP9vvF0j6rw0J3hrWrw6iZv3+22h6iRMJ/8z1Tj6XfLP4DsUix5MhMPnXpiHDoKyoZ/bdCkwBCiQ==",
			"license": "MIT",
			"dependencies": {
				"querystringify": "^2.1.1",
				"requires-port": "^1.0.0"
			}
		},
		"node_modules/use-sync-external-store": {
			"version": "1.6.0",
			"resolved": "https://registry.npmjs.org/use-sync-external-store/-/use-sync-external-store-1.6.0.tgz",
			"integrity": "sha512-Pp6GSwGP/NrPIrxVFAIkOQeyw8lFenOHijQWkUTrDvrF4ALqylP2C/KCkeS9dpUM3KvYRQhna5vt7IL95+ZQ9w==",
			"license": "MIT",
			"peerDependencies": {
				"react": "^16.8.0 || ^17.0.0 || ^18.0.0 || ^19.0.0"
			}
		},
		"node_modules/validate.io-array": {
			"version": "1.0.6",
			"resolved": "https://registry.npmjs.org/validate.io-array/-/validate.io-array-1.0.6.tgz",
			"integrity": "sha512-DeOy7CnPEziggrOO5CZhVKJw6S3Yi7e9e65R1Nl/RTN1vTQKnzjfvks0/8kQ40FP/dsjRAOd4hxmJ7uLa6vxkg==",
			"license": "MIT"
		},
		"node_modules/validate.io-function": {
			"version": "1.0.2",
			"resolved": "https://registry.npmjs.org/validate.io-function/-/validate.io-function-1.0.2.tgz",
			"integrity": "sha512-LlFybRJEriSuBnUhQyG5bwglhh50EpTL2ul23MPIuR1odjO7XaMLFV8vHGwp7AZciFxtYOeiSCT5st+XSPONiQ=="
		},
		"node_modules/validate.io-integer": {
			"version": "1.0.5",
			"resolved": "https://registry.npmjs.org/validate.io-integer/-/validate.io-integer-1.0.5.tgz",
			"integrity": "sha512-22izsYSLojN/P6bppBqhgUDjCkr5RY2jd+N2a3DCAUey8ydvrZ/OkGvFPR7qfOpwR2LC5p4Ngzxz36g5Vgr/hQ==",
			"dependencies": {
				"validate.io-number": "^1.0.3"
			}
		},
		"node_modules/validate.io-integer-array": {
			"version": "1.0.0",
			"resolved": "https://registry.npmjs.org/validate.io-integer-array/-/validate.io-integer-array-1.0.0.tgz",
			"integrity": "sha512-mTrMk/1ytQHtCY0oNO3dztafHYyGU88KL+jRxWuzfOmQb+4qqnWmI+gykvGp8usKZOM0H7keJHEbRaFiYA0VrA==",
			"dependencies": {
				"validate.io-array": "^1.0.3",
				"validate.io-integer": "^1.0.4"
			}
		},
		"node_modules/validate.io-number": {
			"version": "1.0.3",
			"resolved": "https://registry.npmjs.org/validate.io-number/-/validate.io-number-1.0.3.tgz",
			"integrity": "sha512-kRAyotcbNaSYoDnXvb4MHg/0a1egJdLwS6oJ38TJY7aw9n93Fl/3blIXdyYvPOp55CNxywooG/3BcrwNrBpcSg=="
		},
		"node_modules/ws": {
			"version": "8.21.3",
			"resolved": "https://registry.npmjs.org/ws/-/ws-8.21.3.tgz",
			"integrity": "sha512-201TZ/kPWxoPr/OKWjquZR1SWKXcvxdH+e1xrx89b3YbmzLMFCLfnaG1HFIgWzJOEWZ7MvpK++odZufgYR50Rw==",
			"license": "MIT",
			"engines": {
				"node": ">=10.0.0"
			},
			"peerDependencies": {
				"bufferutil": "^4.0.1",
				"utf-8-validate": ">=5.0.2"
			},
			"peerDependenciesMeta": {
				"bufferutil": {
					"optional": true
				},
				"utf-8-validate": {
					"optional": true
				}
			}
		},
		"node_modules/y-protocols": {
			"version": "1.0.7",
			"resolved": "https://registry.npmjs.org/y-protocols/-/y-protocols-1.0.7.tgz",
			"integrity": "sha512-YSVsLoXxO67J6eE/nV4AtFtT3QEotZf5sK5BHxFBXso7VDUT3Tx07IfA6hsu5Q5OmBdMkQVmFZ9QOA7fikWvnw==",
			"license": "MIT",
			"dependencies": {
				"lib0": "^0.2.85"
			},
			"engines": {
				"node": ">=16.0.0",
				"npm": ">=8.0.0"
			},
			"funding": {
				"type": "GitHub Sponsors ❤",
				"url": "https://github.com/sponsors/dmonad"
			},
			"peerDependencies": {
				"yjs": "^13.0.0"
			}
		},
		"node_modules/yjs": {
			"version": "13.6.32",
			"resolved": "https://registry.npmjs.org/yjs/-/yjs-13.6.32.tgz",
			"integrity": "sha512-lfiJIIC4Xayt5ItynE407ehlE03pCjeOc4hkR4yxxvvNJ4kuiN25B0g+Qp8XagYz361LLL7DCzR5bvFJ81QKtQ==",
			"license": "MIT",
			"dependencies": {
				"lib0": "^0.2.99"
			},
			"engines": {
				"node": ">=16.0.0",
				"npm": ">=8.0.0"
			},
			"funding": {
				"type": "GitHub Sponsors ❤",
				"url": "https://github.com/sponsors/dmonad"
			}
		},
		"node_modules/zustand": {
			"version": "4.5.7",
			"resolved": "https://registry.npmjs.org/zustand/-/zustand-4.5.7.tgz",
			"integrity": "sha512-CHOUy7mu3lbD6o6LJLfllpjkzhHXSBlX8B9+qPddUsIfeF5S/UZ5q0kmCsnRqT1UHFQZchNFDDzMbQsuesHWlw==",
			"license": "MIT",
			"dependencies": {
				"use-sync-external-store": "^1.2.2"
			},
			"engines": {
				"node": ">=12.7.0"
			},
			"peerDependencies": {
				"@types/react": ">=16.8",
				"immer": ">=9.0.6",
				"react": ">=16.8"
			},
			"peerDependenciesMeta": {
				"@types/react": {
					"optional": true
				},
				"immer": {
					"optional": true
				},
				"react": {
					"optional": true
				}
			}
		}
	}
}
